version = 1
revision = 3
requires-python = ">=3.13"

[[package]]
name = "argcomplete"
version = "3.6.3"
source = { registry = "https://pypi.org/simple" }
sdist = { url = "https://files.pythonhosted.org/packages/38/61/0b9ae6399dd4a58d8c1b1dc5a27d6f2808023d0b5dd3104bb99f45a33ff6/argcomplete-3.6.3.tar.gz", hash = "sha256:62e8ed4fd6a45864acc8235409461b72c9a28ee785a2011cc5eb78318786c89c", size = 73754, upload-time = "2025-10-20T03:33:34.741Z" }
wheels = [
    { url = "https://files.pythonhosted.org/packages/74/f5/9373290775639cb67a2fce7f629a1c240dce9f12fe927bc32b2736e16dfc/argcomplete-3.6.3-py3-none-any.whl", hash = "sha256:f5007b3a600ccac5d25bbce33089211dfd49eab4a7718da3f10e3082525a92ce", size = 43846, upload-time = "2025-10-20T03:33:33.021Z" },
]

[[package]]
name = "certifi"
version = "2025.11.12"
source = { registry = "https://pypi.org/simple" }
sdist = { url = "https://files.pythonhosted.org/packages/a2/8c/58f469717fa48465e4a50c014a0400602d3c437d7c0c468e17ada824da3a/certifi-2025.11.12.tar.gz", hash = "sha256:d8ab5478f2ecd78af242878415affce761ca6bc54a22a27e026d7c25357c3316", size = 160538, upload-time = "2025-11-12T02:54:51.517Z" }
wheels = [
    { url = "https://files.pythonhosted.org/packages/70/7d/9bc192684cea499815ff478dfcdc13835ddf401365057044fb721ec6bddb/certifi-2025.11.12-py3-none-any.whl", hash = "sha256:97de8790030bbd5c2d96b7ec782fc2f7820ef8dba6db909ccf95449f2d062d4b", size = 159438, upload-time = "2025-11-12T02:54:49.735Z" },
]

[[package]]
name = "colorama"
version = "0.4.6"
source = { registry = "https://pypi.org/simple" }
sdist = { url = "https://files.pythonhosted.org/packages/d8/53/6f443c9a4a8358a93a6792e2acffb9d9d5cb0a5cfd8802644b7b1c9a02e4/colorama-0.4.6.tar.gz", hash = "sha256:08695f5cb7ed6e0531a20572697297273c47b8cae5a63ffc6d6ed5c201be6e44", size = 27697, upload-time = "2022-10-25T02:36:22.414Z" }
wheels = [
    { url = "https://files.pythonhosted.org/packages/d1/d6/3965ed04c63042e047cb6a3e6ed1a63a35087b6a609aa3a15ed8ac56c221/colorama-0.4.6-py2.py3-none-any.whl", hash = "sha256:4f1d9991f5acc0ca119f9d443620b77f9d6b33703e51011c16baf57afb285fc6", size = 25335, upload-time = "2022-10-25T02:36:20.889Z" },
]

[[package]]
name = "crc32c"
version = "2.8"
source = { registry = "https://pypi.org/simple" }
sdist = { url = "https://files.pythonhosted.org/packages/e3/66/7e97aa77af7cf6afbff26e3651b564fe41932599bc2d3dce0b2f73d4829a/crc32c-2.8.tar.gz", hash = "sha256:578728964e59c47c356aeeedee6220e021e124b9d3e8631d95d9a5e5f06e261c", size = 48179, upload-time = "2025-10-17T06:20:13.61Z" }
wheels = [
    { url = "https://files.pythonhosted.org/packages/e8/d8/3ae227890b3be40955a7144106ef4dd97d6123a82c2a5310cdab58ca49d8/crc32c-2.8-cp313-cp313-macosx_10_13_universal2.whl", hash = "sha256:36f1e03ee9e9c6938e67d3bcb60e36f260170aa5f37da1185e04ef37b56af395", size = 66380, upload-time = "2025-10-17T06:19:18.009Z" },
    { url = "https://files.pythonhosted.org/packages/bd/8b/178d3f987cd0e049b484615512d3f91f3d2caeeb8ff336bb5896ae317438/crc32c-2.8-cp313-cp313-macosx_10_13_x86_64.whl", hash = "sha256:b2f3226b94b85a8dd9b3533601d7a63e9e3e8edf03a8a169830ee8303a199aeb", size = 63048, upload-time = "2025-10-17T06:19:18.853Z" },
    { url = "https://files.pythonhosted.org/packages/f2/a1/48145ae2545ebc0169d3283ebe882da580ea4606bfb67cf4ca922ac3cfc3/crc32c-2.8-cp313-cp313-macosx_11_0_arm64.whl", hash = "sha256:6e08628bc72d5b6bc8e0730e8f142194b610e780a98c58cb6698e665cb885a5b", size = 61530, upload-time = "2025-10-17T06:19:19.974Z" },
    { url = "https://files.pythonhosted.org/packages/06/4b/cf05ed9d934cc30e5ae22f97c8272face420a476090e736615d9a6b53de0/crc32c-2.8-cp313-cp313-manylinux1_x86_64.manylinux_2_28_x86_64.manylinux_2_5_x86_64.whl", hash = "sha256:086f64793c5ec856d1ab31a026d52ad2b895ac83d7a38fce557d74eb857f0a82", size = 80001, upload-time = "2025-10-17T06:19:20.784Z" },
    { url = "https://files.pythonhosted.org/packages/15/ab/4b04801739faf36345f6ba1920be5b1c70282fec52f8280afd3613fb13e2/crc32c-2.8-cp313-cp313-manylinux2014_aarch64.manylinux_2_17_aarch64.manylinux_2_28_aarch64.whl", hash = "sha256:bcf72ee7e0135b3d941c34bb2c26c3fc6bc207106b49fd89aaafaeae223ae209", size = 81543, upload-time = "2025-10-17T06:19:21.557Z" },
    { url = "https://files.pythonhosted.org/packages/a9/1b/6e38dde5bfd2ea69b7f2ab6ec229fcd972a53d39e2db4efe75c0ac0382ce/crc32c-2.8-cp313-cp313-musllinux_1_2_aarch64.whl", hash = "sha256:8a717dd9c3fd777d9bc6603717eae172887d402c4ab589d124ebd0184a83f89e", size = 80644, upload-time = "2025-10-17T06:19:22.325Z" },
    { url = "https://files.pythonhosted.org/packages/ce/45/012176ffee90059ae8ec7131019c71724ea472aa63e72c0c8edbd1fad1d7/crc32c-2.8-cp313-cp313-musllinux_1_2_x86_64.whl", hash = "sha256:0450bb845b3c3c7b9bdc0b4e95620ec9a40824abdc8c86d6285c919a90743c1a", size = 79919, upload-time = "2025-10-17T06:19:23.101Z" },
    { url = "https://files.pythonhosted.org/packages/f0/2b/f557629842f9dec2b3461cb3a0d854bb586ec45b814cea58b082c32f0dde/crc32c-2.8-cp313-cp313-win32.whl", hash = "sha256:765d220bfcbcffa6598ac11eb1e10af0ee4802b49fe126aa6bf79f8ddb9931d1", size = 64896, upload-time = "2025-10-17T06:19:23.88Z" },
    { url = "https://files.pythonhosted.org/packages/d0/db/fd0f698c15d1e21d47c64181a98290665a08fcbb3940cd559e9c15bda57e/crc32c-2.8-cp313-cp313-win_amd64.whl", hash = "sha256:171ff0260d112c62abcce29332986950a57bddee514e0a2418bfde493ea06bb3", size = 66646, upload-time = "2025-10-17T06:19:24.702Z" },
    { url = "https://files.pythonhosted.org/packages/db/b9/8e5d7054fe8e7eecab10fd0c8e7ffb01439417bdb6de1d66a81c38fc4a20/crc32c-2.8-cp313-cp313t-macosx_10_13_universal2.whl", hash = "sha256:b977a32a3708d6f51703c8557008f190aaa434d7347431efb0e86fcbe78c2a50", size = 66203, upload-time = "2025-10-17T06:19:25.872Z" },
    { url = "https://files.pythonhosted.org/packages/55/5f/cc926c70057a63cc0c98a3c8a896eb15fc7e74d3034eadd53c94917c6cc3/crc32c-2.8-cp313-cp313t-macosx_10_13_x86_64.whl", hash = "sha256:7399b01db4adaf41da2fb36fe2408e75a8d82a179a9564ed7619412e427b26d6", size = 62956, upload-time = "2025-10-17T06:19:26.652Z" },
    { url = "https://files.pythonhosted.org/packages/a1/8a/0660c44a2dd2cb6ccbb529eb363b9280f5c766f1017bc8355ed8d695bd94/crc32c-2.8-cp313-cp313t-macosx_11_0_arm64.whl", hash = "sha256:4379f73f9cdad31958a673d11a332ec725ca71572401ca865867229f5f15e853", size = 61442, upload-time = "2025-10-17T06:19:27.74Z" },
    { url = "https://files.pythonhosted.org/packages/f5/5a/6108d2dfc0fe33522ce83ba07aed4b22014911b387afa228808a278e27cd/crc32c-2.8-cp313-cp313t-manylinux1_x86_64.manylinux_2_28_x86_64.manylinux_2_5_x86_64.whl", hash = "sha256:2e68264555fab19bab08331550dab58573e351a63ed79c869d455edd3b0aa417", size = 79109, upload-time = "2025-10-17T06:19:28.535Z" },
    { url = "https://files.pythonhosted.org/packages/84/1e/c054f9e390090c197abf3d2936f4f9effaf0c6ee14569ae03d6ddf86958a/crc32c-2.8-cp313-cp313t-manylinux2014_aarch64.manylinux_2_17_aarch64.manylinux_2_28_aarch64.whl", hash = "sha256:b48f2486727b8d0e7ccbae4a34cb0300498433d2a9d6b49cb13cb57c2e3f19cb", size = 80987, upload-time = "2025-10-17T06:19:29.305Z" },
    { url = "https://files.pythonhosted.org/packages/c8/ad/1650e5c3341e4a485f800ea83116d72965030c5d48ccc168fcc685756e4d/crc32c-2.8-cp313-cp313t-musllinux_1_2_aarch64.whl", hash = "sha256:ecf123348934a086df8c8fde7f9f2d716d523ca0707c5a1367b8bb00d8134823", size = 79994, upload-time = "2025-10-17T06:19:30.109Z" },
    { url = "https://files.pythonhosted.org/packages/d7/3b/f2ed924b177729cbb2ab30ca2902abff653c31d48c95e7b66717a9ca9fcc/crc32c-2.8-cp313-cp313t-musllinux_1_2_x86_64.whl", hash = "sha256:e636ac60f76de538f7a2c0d0f3abf43104ee83a8f5e516f6345dc283ed1a4df7", size = 79046, upload-time = "2025-10-17T06:19:30.894Z" },
    { url = "https://files.pythonhosted.org/packages/4b/80/413b05ee6ace613208b31b3670c3135ee1cf451f0e72a9c839b4946acc04/crc32c-2.8-cp313-cp313t-win32.whl", hash = "sha256:8dd4a19505e0253892e1b2f1425cc3bd47f79ae5a04cb8800315d00aad7197f2", size = 64837, upload-time = "2025-10-17T06:19:32.03Z" },
    { url = "https://files.pythonhosted.org/packages/3b/1b/85eddb6ac5b38496c4e35c20298aae627970c88c3c624a22ab33e84f16c7/crc32c-2.8-cp313-cp313t-win_amd64.whl", hash = "sha256:4bb18e4bd98fb266596523ffc6be9c5b2387b2fa4e505ec56ca36336f49cb639", size = 66574, upload-time = "2025-10-17T06:19:33.143Z" },
    { url = "https://files.pythonhosted.org/packages/aa/df/50e9079b532ff53dbfc0e66eed781374bd455af02ed5df8b56ad538de4ff/crc32c-2.8-cp314-cp314-macosx_10_13_universal2.whl", hash = "sha256:3a3b2e4bcf7b3ee333050e7d3ff38e2ba46ea205f1d73d8949b248aaffe937ac", size = 66399, upload-time = "2025-10-17T06:19:34.279Z" },
    { url = "https://files.pythonhosted.org/packages/5a/2e/67e3b0bc3d30e46ea5d16365cc81203286387671e22f2307eb41f19abb9c/crc32c-2.8-cp314-cp314-macosx_10_13_x86_64.whl", hash = "sha256:445e559e66dff16be54f8a4ef95aa6b01db799a639956d995c5498ba513fccc2", size = 63044, upload-time = "2025-10-17T06:19:35.062Z" },
    { url = "https://files.pythonhosted.org/packages/36/ea/1723b17437e4344ed8d067456382ecb1f5b535d83fdc5aaebab676c6d273/crc32c-2.8-cp314-cp314-macosx_11_0_arm64.whl", hash = "sha256:bf3040919e17afa5782e01b1875d6a05f44b8f19c05f211d8b9f8a1deb8bbd9c", size = 61541, upload-time = "2025-10-17T06:19:36.204Z" },
    { url = "https://files.pythonhosted.org/packages/4c/6a/cbec8a235c5b46a01f319939b538958662159aec0ed3a74944e3a6de21f1/crc32c-2.8-cp314-cp314-manylinux1_x86_64.manylinux_2_28_x86_64.manylinux_2_5_x86_64.whl", hash = "sha256:5607ab8221e1ffd411f64aa40dbb6850cf06dd2908c9debd05d371e1acf62ff3", size = 80139, upload-time = "2025-10-17T06:19:37.351Z" },
    { url = "https://files.pythonhosted.org/packages/21/31/d096722fe74b692d6e8206c27da1ea5f6b2a12ff92c54a62a6ba2f376254/crc32c-2.8-cp314-cp314-manylinux2014_aarch64.manylinux_2_17_aarch64.manylinux_2_28_aarch64.whl", hash = "sha256:c7f5db4f16816926986d3c94253314920689706ae13a9bf4888b47336c6735ce", size = 81736, upload-time = "2025-10-17T06:19:38.16Z" },
    { url = "https://files.pythonhosted.org/packages/f6/a2/f75ef716ff7e3c22f385ba6ef30c5de80c19a21ebe699dc90824a1903275/crc32c-2.8-cp314-cp314-musllinux_1_2_aarch64.whl", hash = "sha256:70b0153c4d418b673309d3529334d117e1074c4a3b2d7f676e430d72c14de67b", size = 80795, upload-time = "2025-10-17T06:19:38.948Z" },
    { url = "https://files.pythonhosted.org/packages/d8/94/6d647a12d96ab087d9b8eacee3da073f981987827d57c7072f89ffc7b6cd/crc32c-2.8-cp314-cp314-musllinux_1_2_x86_64.whl", hash = "sha256:5c8933531442042438753755a5c8a9034e4d88b01da9eb796f7e151b31a7256c", size = 80042, upload-time = "2025-10-17T06:19:39.725Z" },
    { url = "https://files.pythonhosted.org/packages/cd/dc/32b8896b40a0afee7a3c040536d0da5a73e68df2be9fadd21770fd158e16/crc32c-2.8-cp314-cp314-win32.whl", hash = "sha256:cdc83a3fe6c4e5df9457294cfd643de7d95bd4e9382c1dd6ed1e0f0f9169172c", size = 64914, upload-time = "2025-10-17T06:19:40.527Z" },
    { url = "https://files.pythonhosted.org/packages/f2/b4/4308b27d307e8ecaf8dd1dcc63bbb0e47ae1826d93faa3e62d1ee00ee2d5/crc32c-2.8-cp314-cp314-win_amd64.whl", hash = "sha256:509e10035106df66770fe24b9eb8d9e32b6fb967df17744402fb67772d8b2bc7", size = 66723, upload-time = "2025-10-17T06:19:42.449Z" },
    { url = "https://files.pythonhosted.org/packages/90/d5/a19d2489fa997a143bfbbf971a5c9a43f8b1ba9e775b1fb362d8fb15260c/crc32c-2.8-cp314-cp314t-macosx_10_13_universal2.whl", hash = "sha256:864359a39777a07b09b28eb31337c0cc603d5c1bf0fc328c3af736a8da624ec0", size = 66201, upload-time = "2025-10-17T06:19:43.273Z" },
    { url = "https://files.pythonhosted.org/packages/98/c2/5f82f22d2c1242cb6f6fe92aa9a42991ebea86de994b8f9974d9c1d128e2/crc32c-2.8-cp314-cp314t-macosx_10_13_x86_64.whl", hash = "sha256:14511d7cfc5d9f5e1a6c6b64caa6225c2bdc1ed00d725e9a374a3e84073ce180", size = 62956, upload-time = "2025-10-17T06:19:44.099Z" },
    { url = "https://files.pythonhosted.org/packages/9b/61/3d43d33489cf974fb78bfb3500845770e139ae6d1d83473b660bd8f79a6c/crc32c-2.8-cp314-cp314t-macosx_11_0_arm64.whl", hash = "sha256:918b7999b52b5dcbcea34081e9a02d46917d571921a3f209956a9a429b2e06e5", size = 61443, upload-time = "2025-10-17T06:19:44.89Z" },
    { url = "https://files.pythonhosted.org/packages/52/6d/f306ce64a352a3002f76b0fc88a1373f4541f9d34fad3668688610bab14b/crc32c-2.8-cp314-cp314t-manylinux1_x86_64.manylinux_2_28_x86_64.manylinux_2_5_x86_64.whl", hash = "sha256:cc445da03fc012a5a03b71da1df1b40139729e6a5571fd4215ab40bfb39689c7", size = 79106, upload-time = "2025-10-17T06:19:45.688Z" },
    { url = "https://files.pythonhosted.org/packages/a5/b7/1f74965dd7ea762954a69d172dfb3a706049c84ffa45d31401d010a4a126/crc32c-2.8-cp314-cp314t-manylinux2014_aarch64.manylinux_2_17_aarch64.manylinux_2_28_aarch64.whl", hash = "sha256:1e3dde2ec59a8a830511d72a086ead95c0b0b7f0d418f93ea106244c5e77e350", size = 80983, upload-time = "2025-10-17T06:19:46.792Z" },
    { url = "https://files.pythonhosted.org/packages/1b/50/af93f0d91ccd61833ce77374ebfbd16f5805f5c17d18c6470976d9866d76/crc32c-2.8-cp314-cp314t-musllinux_1_2_aarch64.whl", hash = "sha256:61d51681a08b6a2a2e771b7f0cd1947fb87cb28f38ed55a01cb7c40b2ac4cdd8", size = 80009, upload-time = "2025-10-17T06:19:47.619Z" },
    { url = "https://files.pythonhosted.org/packages/ee/fa/94f394beb68a88258af694dab2f1284f55a406b615d7900bdd6235283bc4/crc32c-2.8-cp314-cp314t-musllinux_1_2_x86_64.whl", hash = "sha256:67c0716c3b1a02d5235be649487b637eed21f2d070f2b3f63f709dcd2fefb4c7", size = 79066, upload-time = "2025-10-17T06:19:48.409Z" },
    { url = "https://files.pythonhosted.org/packages/91/c6/a6050e0c64fd73c67a97da96cb59f08b05111e00b958fb87ecdce99f17ac/crc32c-2.8-cp314-cp314t-win32.whl", hash = "sha256:2e8fe863fbbd8bdb6b414a2090f1b0f52106e76e9a9c96a413495dbe5ebe492a", size = 64869, upload-time = "2025-10-17T06:19:49.197Z" },
    { url = "https://files.pythonhosted.org/packages/08/1f/c7735034e401cb1ea14f996a224518e3a3fa9987cb13680e707328a7d779/crc32c-2.8-cp314-cp314t-win_amd64.whl", hash = "sha256:20a9cfb897693eb6da19e52e2a7be2026fd4d9fc8ae318f086c0d71d5dd2d8e0", size = 66633, upload-time = "2025-10-17T06:19:50.003Z" },
]

[[package]]
name = "dxpy"
version = "0.400.1"
source = { registry = "https://pypi.org/simple" }
dependencies = [
    { name = "argcomplete" },
    { name = "certifi" },
    { name = "colorama", marker = "sys_platform == 'win32'" },
    { name = "crc32c" },
    { name = "psutil" },
    { name = "pyreadline3", marker = "sys_platform == 'win32'" },
    { name = "python-dateutil" },
    { name = "urllib3" },
    { name = "websocket-client" },
]
sdist = { url = "https://files.pythonhosted.org/packages/89/f8/5658fdfc25706423eef3f6e1fcf1604e4a187e4349ee063d5604ec9f9f5d/dxpy-0.400.1.tar.gz", hash = "sha256:c91666c960675426e63e1815d53009f14fcee9c2b661a529e9e40c3d068f44ca", size = 621347, upload-time = "2025-11-03T19:53:15.056Z" }

[[package]]
name = "psutil"
version = "7.1.3"
source = { registry = "https://pypi.org/simple" }
sdist = { url = "https://files.pythonhosted.org/packages/e1/88/bdd0a41e5857d5d703287598cbf08dad90aed56774ea52ae071bae9071b6/psutil-7.1.3.tar.gz", hash = "sha256:6c86281738d77335af7aec228328e944b30930899ea760ecf33a4dba66be5e74", size = 489059, upload-time = "2025-11-02T12:25:54.619Z" }
wheels = [
    { url = "https://files.pythonhosted.org/packages/bd/93/0c49e776b8734fef56ec9c5c57f923922f2cf0497d62e0f419465f28f3d0/psutil-7.1.3-cp313-cp313t-macosx_10_13_x86_64.whl", hash = "sha256:0005da714eee687b4b8decd3d6cc7c6db36215c9e74e5ad2264b90c3df7d92dc", size = 239751, upload-time = "2025-11-02T12:25:58.161Z" },
    { url = "https://files.pythonhosted.org/packages/6f/8d/b31e39c769e70780f007969815195a55c81a63efebdd4dbe9e7a113adb2f/psutil-7.1.3-cp313-cp313t-macosx_11_0_arm64.whl", hash = "sha256:19644c85dcb987e35eeeaefdc3915d059dac7bd1167cdcdbf27e0ce2df0c08c0", size = 240368, upload-time = "2025-11-02T12:26:00.491Z" },
    { url = "https://files.pythonhosted.org/packages/62/61/23fd4acc3c9eebbf6b6c78bcd89e5d020cfde4acf0a9233e9d4e3fa698b4/psutil-7.1.3-cp313-cp313t-manylinux2010_x86_64.manylinux_2_12_x86_64.manylinux_2_28_x86_64.whl", hash = "sha256:95ef04cf2e5ba0ab9eaafc4a11eaae91b44f4ef5541acd2ee91d9108d00d59a7", size = 287134, upload-time = "2025-11-02T12:26:02.613Z" },
    { url = "https://files.pythonhosted.org/packages/30/1c/f921a009ea9ceb51aa355cb0cc118f68d354db36eae18174bab63affb3e6/psutil-7.1.3-cp313-cp313t-manylinux2014_aarch64.manylinux_2_17_aarch64.manylinux_2_28_aarch64.whl", hash = "sha256:1068c303be3a72f8e18e412c5b2a8f6d31750fb152f9cb106b54090296c9d251", size = 289904, upload-time = "2025-11-02T12:26:05.207Z" },
    { url = "https://files.pythonhosted.org/packages/a6/82/62d68066e13e46a5116df187d319d1724b3f437ddd0f958756fc052677f4/psutil-7.1.3-cp313-cp313t-win_amd64.whl", hash = "sha256:18349c5c24b06ac5612c0428ec2a0331c26443d259e2a0144a9b24b4395b58fa", size = 249642, upload-time = "2025-11-02T12:26:07.447Z" },
    { url = "https://files.pythonhosted.org/packages/df/ad/c1cd5fe965c14a0392112f68362cfceb5230819dbb5b1888950d18a11d9f/psutil-7.1.3-cp313-cp313t-win_arm64.whl", hash = "sha256:c525ffa774fe4496282fb0b1187725793de3e7c6b29e41562733cae9ada151ee", size = 245518, upload-time = "2025-11-02T12:26:09.719Z" },
    { url = "https://files.pythonhosted.org/packages/2e/bb/6670bded3e3236eb4287c7bcdc167e9fae6e1e9286e437f7111caed2f909/psutil-7.1.3-cp314-cp314t-macosx_10_15_x86_64.whl", hash = "sha256:b403da1df4d6d43973dc004d19cee3b848e998ae3154cc8097d139b77156c353", size = 239843, upload-time = "2025-11-02T12:26:11.968Z" },
    { url = "https://files.pythonhosted.org/packages/b8/66/853d50e75a38c9a7370ddbeefabdd3d3116b9c31ef94dc92c6729bc36bec/psutil-7.1.3-cp314-cp314t-macosx_11_0_arm64.whl", hash = "sha256:ad81425efc5e75da3f39b3e636293360ad8d0b49bed7df824c79764fb4ba9b8b", size = 240369, upload-time = "2025-11-02T12:26:14.358Z" },
    { url = "https://files.pythonhosted.org/packages/41/bd/313aba97cb5bfb26916dc29cf0646cbe4dd6a89ca69e8c6edce654876d39/psutil-7.1.3-cp314-cp314t-manylinux2010_x86_64.manylinux_2_12_x86_64.manylinux_2_28_x86_64.whl", hash = "sha256:8f33a3702e167783a9213db10ad29650ebf383946e91bc77f28a5eb083496bc9", size = 288210, upload-time = "2025-11-02T12:26:16.699Z" },
    { url = "https://files.pythonhosted.org/packages/c2/fa/76e3c06e760927a0cfb5705eb38164254de34e9bd86db656d4dbaa228b04/psutil-7.1.3-cp314-cp314t-manylinux2014_aarch64.manylinux_2_17_aarch64.manylinux_2_28_aarch64.whl", hash = "sha256:fac9cd332c67f4422504297889da5ab7e05fd11e3c4392140f7370f4208ded1f", size = 291182, upload-time = "2025-11-02T12:26:18.848Z" },
    { url = "https://files.pythonhosted.org/packages/0f/1d/5774a91607035ee5078b8fd747686ebec28a962f178712de100d00b78a32/psutil-7.1.3-cp314-cp314t-win_amd64.whl", hash = "sha256:3792983e23b69843aea49c8f5b8f115572c5ab64c153bada5270086a2123c7e7", size = 250466, upload-time = "2025-11-02T12:26:21.183Z" },
    { url = "https://files.pythonhosted.org/packages/00/ca/e426584bacb43a5cb1ac91fae1937f478cd8fbe5e4ff96574e698a2c77cd/psutil-7.1.3-cp314-cp314t-win_arm64.whl", hash = "sha256:31d77fcedb7529f27bb3a0472bea9334349f9a04160e8e6e5020f22c59893264", size = 245756, upload-time = "2025-11-02T12:26:23.148Z" },
    { url = "https://files.pythonhosted.org/packages/ef/94/46b9154a800253e7ecff5aaacdf8ebf43db99de4a2dfa18575b02548654e/psutil-7.1.3-cp36-abi3-macosx_10_9_x86_64.whl", hash = "sha256:2bdbcd0e58ca14996a42adf3621a6244f1bb2e2e528886959c72cf1e326677ab", size = 238359, upload-time = "2025-11-02T12:26:25.284Z" },
    { url = "https://files.pythonhosted.org/packages/68/3a/9f93cff5c025029a36d9a92fef47220ab4692ee7f2be0fba9f92813d0cb8/psutil-7.1.3-cp36-abi3-macosx_11_0_arm64.whl", hash = "sha256:bc31fa00f1fbc3c3802141eede66f3a2d51d89716a194bf2cd6fc68310a19880", size = 239171, upload-time = "2025-11-02T12:26:27.23Z" },
    { url = "https://files.pythonhosted.org/packages/ce/b1/5f49af514f76431ba4eea935b8ad3725cdeb397e9245ab919dbc1d1dc20f/psutil-7.1.3-cp36-abi3-manylinux2010_x86_64.manylinux_2_12_x86_64.manylinux_2_28_x86_64.whl", hash = "sha256:3bb428f9f05c1225a558f53e30ccbad9930b11c3fc206836242de1091d3e7dd3", size = 263261, upload-time = "2025-11-02T12:26:29.48Z" },
    { url = "https://files.pythonhosted.org/packages/e0/95/992c8816a74016eb095e73585d747e0a8ea21a061ed3689474fabb29a395/psutil-7.1.3-cp36-abi3-manylinux2014_aarch64.manylinux_2_17_aarch64.manylinux_2_28_aarch64.whl", hash = "sha256:56d974e02ca2c8eb4812c3f76c30e28836fffc311d55d979f1465c1feeb2b68b", size = 264635, upload-time = "2025-11-02T12:26:31.74Z" },
    { url = "https://files.pythonhosted.org/packages/55/4c/c3ed1a622b6ae2fd3c945a366e64eb35247a31e4db16cf5095e269e8eb3c/psutil-7.1.3-cp37-abi3-win_amd64.whl", hash = "sha256:f39c2c19fe824b47484b96f9692932248a54c43799a84282cfe58d05a6449efd", size = 247633, upload-time = "2025-11-02T12:26:33.887Z" },
    { url = "https://files.pythonhosted.org/packages/c9/ad/33b2ccec09bf96c2b2ef3f9a6f66baac8253d7565d8839e024a6b905d45d/psutil-7.1.3-cp37-abi3-win_arm64.whl", hash = "sha256:bd0d69cee829226a761e92f28140bec9a5ee9d5b4fb4b0cc589068dbfff559b1", size = 244608, upload-time = "2025-11-02T12:26:36.136Z" },
]

[[package]]
name = "pyreadline3"
version = "3.4.1"
source = { registry = "https://pypi.org/simple" }
sdist = { url = "https://files.pythonhosted.org/packages/d7/86/3d61a61f36a0067874a00cb4dceb9028d34b6060e47828f7fc86fb9f7ee9/pyreadline3-3.4.1.tar.gz", hash = "sha256:6f3d1f7b8a31ba32b73917cefc1f28cc660562f39aea8646d30bd6eff21f7bae", size = 86465, upload-time = "2022-01-24T20:05:11.66Z" }
wheels = [
    { url = "https://files.pythonhosted.org/packages/56/fc/a3c13ded7b3057680c8ae95a9b6cc83e63657c38e0005c400a5d018a33a7/pyreadline3-3.4.1-py3-none-any.whl", hash = "sha256:b0efb6516fd4fb07b45949053826a62fa4cb353db5be2bbb4a7aa1fdd1e345fb", size = 95203, upload-time = "2022-01-24T20:05:10.442Z" },
]

[[package]]
name = "python-dateutil"
version = "2.9.0.post0"
source = { registry = "https://pypi.org/simple" }
dependencies = [
    { name = "six" },
]
sdist = { url = "https://files.pythonhosted.org/packages/66/c0/0c8b6ad9f17a802ee498c46e004a0eb49bc148f2fd230864601a86dcf6db/python-dateutil-2.9.0.post0.tar.gz", hash = "sha256:37dd54208da7e1cd875388217d5e00ebd4179249f90fb72437e91a35459a0ad3", size = 342432, upload-time = "2024-03-01T18:36:20.211Z" }
wheels = [
    { url = "https://files.pythonhosted.org/packages/ec/57/56b9bcc3c9c6a792fcbaf139543cee77261f3651ca9da0c93f5c1221264b/python_dateutil-2.9.0.post0-py2.py3-none-any.whl", hash = "sha256:a8b2bc7bffae282281c8140a97d3aa9c14da0b136dfe83f850eea9a5f7470427", size = 229892, upload-time = "2024-03-01T18:36:18.57Z" },
]

[[package]]
name = "six"
version = "1.17.0"
source = { registry = "https://pypi.org/simple" }
sdist = { url = "https://files.pythonhosted.org/packages/94/e7/b2c673351809dca68a0e064b6af791aa332cf192da575fd474ed7d6f16a2/six-1.17.0.tar.gz", hash = "sha256:ff70335d468e7eb6ec65b95b99d3a2836546063f63acc5171de367e834932a81", size = 34031, upload-time = "2024-12-04T17:35:28.174Z" }
wheels = [
    { url = "https://files.pythonhosted.org/packages/b7/ce/149a00dd41f10bc29e5921b496af8b574d8413afcd5e30dfa0ed46c2cc5e/six-1.17.0-py2.py3-none-any.whl", hash = "sha256:4721f391ed90541fddacab5acf947aa0d3dc7d27b2e1e8eda2be8970586c3274", size = 11050, upload-time = "2024-12-04T17:35:26.475Z" },
]

[[package]]
name = "urllib3"
version = "2.1.0"
source = { registry = "https://pypi.org/simple" }
sdist = { url = "https://files.pythonhosted.org/packages/36/dd/a6b232f449e1bc71802a5b7950dc3675d32c6dbc2a1bd6d71f065551adb6/urllib3-2.1.0.tar.gz", hash = "sha256:df7aa8afb0148fa78488e7899b2c59b5f4ffcfa82e6c54ccb9dd37c1d7b52d54", size = 263900, upload-time = "2023-11-13T12:29:45.049Z" }
wheels = [
    { url = "https://files.pythonhosted.org/packages/96/94/c31f58c7a7f470d5665935262ebd7455c7e4c7782eb525658d3dbf4b9403/urllib3-2.1.0-py3-none-any.whl", hash = "sha256:55901e917a5896a349ff771be919f8bd99aff50b79fe58fec595eb37bbc56bb3", size = 104579, upload-time = "2023-11-13T12:29:42.719Z" },
]

[[package]]
name = "websocket-client"
version = "1.7.0"
source = { registry = "https://pypi.org/simple" }
sdist = { url = "https://files.pythonhosted.org/packages/20/07/2a94288afc0f6c9434d6709c5320ee21eaedb2f463ede25ed9cf6feff330/websocket-client-1.7.0.tar.gz", hash = "sha256:10e511ea3a8c744631d3bd77e61eb17ed09304c413ad42cf6ddfa4c7787e8fe6", size = 54037, upload-time = "2023-12-03T15:58:47.596Z" }
wheels = [
    { url = "https://files.pythonhosted.org/packages/1e/70/1e88138a9afbed1d37093b85f0bebc3011623c4f47c166431599fe9d6c93/websocket_client-1.7.0-py3-none-any.whl", hash = "sha256:f4c3d22fec12a2461427a29957ff07d35098ee2d976d3ba244e688b8b4057588", size = 58462, upload-time = "2023-12-03T15:58:45.15Z" },
]

[[package]]
name = "wgs-gwas-and-mr"
version = "0.1.0"
source = { editable = "." }
dependencies = [
    { name = "dxpy" },
]

[package.metadata]
requires-dist = [{ name = "dxpy", specifier = ">=0.400.1" }]
